
Microsoft Visual Studio Solution File, Format Version 12.00
# Visual Studio Version 17
VisualStudioVersion = 17.7.34009.444
MinimumVisualStudioVersion = 10.0.40219.1
Project("{FAE04EC0-301F-11D3-BF4B-00C04F79EFBC}") = "Chapter4_Code_Snippets", "Chapter4_Code_Snippets\Chapter4_Code_Snippets.csproj", "{053936C2-8B75-4FCC-A702-E288E32FE640}"
EndProject
Global
	GlobalSection(SolutionConfigurationPlatforms) = preSolution
		Debug|Any CPU = Debug|Any CPU
		Release|Any CPU = Release|Any CPU
	EndGlobalSection
	GlobalSection(ProjectConfigurationPlatforms) = postSolution
		{053936C2-8B75-4FCC-A702-E288E32FE640}.Debug|Any CPU.ActiveCfg = Debug|Any CPU
		{053936C2-8B75-4FCC-A702-E288E32FE640}.Debug|Any CPU.Build.0 = Debug|Any CPU
		{053936C2-8B75-4FCC-A702-E288E32FE640}.Release|Any CPU.ActiveCfg = Release|Any CPU
		{053936C2-8B75-4FCC-A702-E288E32FE640}.Release|Any CPU.Build.0 = Release|Any CPU
	EndGlobalSection
	GlobalSection(SolutionProperties) = preSolution
		HideSolutionNode = FALSE
	EndGlobalSection
	GlobalSection(ExtensibilityGlobals) = postSolution
		SolutionGuid = {293511EB-3DC8-4860-B64B-21386D2B0428}
	EndGlobalSection
EndGlobal
