
Microsoft Visual Studio Solution File, Format Version 12.00
# Visual Studio Version 17
VisualStudioVersion = 17.7.34009.444
MinimumVisualStudioVersion = 10.0.40219.1
Project("{FAE04EC0-301F-11D3-BF4B-00C04F79EFBC}") = "Chapter4_Code", "Chapter4_Code\Chapter4_Code.csproj", "{47AFC33A-C44F-4450-9926-209D675FDC26}"
EndProject
Global
	GlobalSection(SolutionConfigurationPlatforms) = preSolution
		Debug|Any CPU = Debug|Any CPU
		Release|Any CPU = Release|Any CPU
	EndGlobalSection
	GlobalSection(ProjectConfigurationPlatforms) = postSolution
		{47AFC33A-C44F-4450-9926-209D675FDC26}.Debug|Any CPU.ActiveCfg = Debug|Any CPU
		{47AFC33A-C44F-4450-9926-209D675FDC26}.Debug|Any CPU.Build.0 = Debug|Any CPU
		{47AFC33A-C44F-4450-9926-209D675FDC26}.Release|Any CPU.ActiveCfg = Release|Any CPU
		{47AFC33A-C44F-4450-9926-209D675FDC26}.Release|Any CPU.Build.0 = Release|Any CPU
	EndGlobalSection
	GlobalSection(SolutionProperties) = preSolution
		HideSolutionNode = FALSE
	EndGlobalSection
	GlobalSection(ExtensibilityGlobals) = postSolution
		SolutionGuid = {BA1B5F18-2D75-4CBD-A950-B6D14AC4CC1D}
	EndGlobalSection
EndGlobal
