
Microsoft Visual Studio Solution File, Format Version 12.00
# Visual Studio Version 17
VisualStudioVersion = 17.6.33815.320
MinimumVisualStudioVersion = 10.0.40219.1
Project("{FAE04EC0-301F-11D3-BF4B-00C04F79EFBC}") = "Chapter3_Debugging_Profiling", "Chapter3_Debugging_Profiling\Chapter3_Debugging_Profiling.csproj", "{735EEC6F-4705-4949-9640-519505B7FB81}"
EndProject
Global
	GlobalSection(SolutionConfigurationPlatforms) = preSolution
		Debug|Any CPU = Debug|Any CPU
		Release|Any CPU = Release|Any CPU
	EndGlobalSection
	GlobalSection(ProjectConfigurationPlatforms) = postSolution
		{735EEC6F-4705-4949-9640-519505B7FB81}.Debug|Any CPU.ActiveCfg = Debug|Any CPU
		{735EEC6F-4705-4949-9640-519505B7FB81}.Debug|Any CPU.Build.0 = Debug|Any CPU
		{735EEC6F-4705-4949-9640-519505B7FB81}.Release|Any CPU.ActiveCfg = Release|Any CPU
		{735EEC6F-4705-4949-9640-519505B7FB81}.Release|Any CPU.Build.0 = Release|Any CPU
	EndGlobalSection
	GlobalSection(SolutionProperties) = preSolution
		HideSolutionNode = FALSE
	EndGlobalSection
	GlobalSection(ExtensibilityGlobals) = postSolution
		SolutionGuid = {6475D0C1-119C-4F0F-8798-AE8BB88EAA39}
	EndGlobalSection
EndGlobal
